
Microsoft Visual Studio Solution File, Format Version 12.00
# Visual Studio 14
VisualStudioVersion = 14.0.25420.1
MinimumVisualStudioVersion = 10.0.40219.1
Project("{FAE04EC0-301F-11D3-BF4B-00C04F79EFBC}") = "BookCatalog.Web", "BookCatalog\BookCatalog.Web.csproj", "{E4D29153-2E30-4AF2-ADD7-A3378B518AB0}"
EndProject
Project("{FAE04EC0-301F-11D3-BF4B-00C04F79EFBC}") = "BookCatalog.Infrastructure", "BookCatalog.Infrastructure\BookCatalog.Infrastructure.csproj", "{E4231EB0-01FA-44EA-ADDE-BE1AB058A302}"
EndProject
Project("{FAE04EC0-301F-11D3-BF4B-00C04F79EFBC}") = "BookCatalog.DAL", "BookCatalog.DAL\BookCatalog.DAL.csproj", "{03644716-F045-43E9-A4A1-74ACE327A451}"
EndProject
Project("{FAE04EC0-301F-11D3-BF4B-00C04F79EFBC}") = "BookCatalog.DAL.Entities", "BookCatalog.DAL.Entities\BookCatalog.DAL.Entities.csproj", "{1531C7CC-2371-48FD-8C06-424A692C2B1D}"
EndProject
Project("{FAE04EC0-301F-11D3-BF4B-00C04F79EFBC}") = "BookCatalog.ViewModels", "BookCatalog.ViewModel\BookCatalog.ViewModels.csproj", "{1E83F57F-DC5C-408D-B311-5B11A5940823}"
EndProject
Project("{FAE04EC0-301F-11D3-BF4B-00C04F79EFBC}") = "BookCatalog.Business", "BookCatalog.Business\BookCatalog.Business.csproj", "{DE207555-1559-49D9-B2AF-E9744CE9282C}"
EndProject
Project("{FAE04EC0-301F-11D3-BF4B-00C04F79EFBC}") = "BookCatalog.Initializer", "Initializer\BookCatalog.Initializer.csproj", "{9B955131-DB48-4707-8033-E56513FF4687}"
EndProject
Project("{00D1A9C2-B5F0-4AF3-8072-F6C62B433612}") = "BookCatalog.Db", "BookCatalog.Db\BookCatalog.Db.sqlproj", "{5C1C6D0F-7AC4-4D94-BD29-C53920ED3539}"
EndProject
Global
	GlobalSection(SolutionConfigurationPlatforms) = preSolution
		Debug|Any CPU = Debug|Any CPU
		Release|Any CPU = Release|Any CPU
	EndGlobalSection
	GlobalSection(ProjectConfigurationPlatforms) = postSolution
		{E4D29153-2E30-4AF2-ADD7-A3378B518AB0}.Debug|Any CPU.ActiveCfg = Debug|Any CPU
		{E4D29153-2E30-4AF2-ADD7-A3378B518AB0}.Debug|Any CPU.Build.0 = Debug|Any CPU
		{E4D29153-2E30-4AF2-ADD7-A3378B518AB0}.Release|Any CPU.ActiveCfg = Release|Any CPU
		{E4D29153-2E30-4AF2-ADD7-A3378B518AB0}.Release|Any CPU.Build.0 = Release|Any CPU
		{E4231EB0-01FA-44EA-ADDE-BE1AB058A302}.Debug|Any CPU.ActiveCfg = Debug|Any CPU
		{E4231EB0-01FA-44EA-ADDE-BE1AB058A302}.Debug|Any CPU.Build.0 = Debug|Any CPU
		{E4231EB0-01FA-44EA-ADDE-BE1AB058A302}.Release|Any CPU.ActiveCfg = Release|Any CPU
		{E4231EB0-01FA-44EA-ADDE-BE1AB058A302}.Release|Any CPU.Build.0 = Release|Any CPU
		{03644716-F045-43E9-A4A1-74ACE327A451}.Debug|Any CPU.ActiveCfg = Debug|Any CPU
		{03644716-F045-43E9-A4A1-74ACE327A451}.Debug|Any CPU.Build.0 = Debug|Any CPU
		{03644716-F045-43E9-A4A1-74ACE327A451}.Release|Any CPU.ActiveCfg = Release|Any CPU
		{03644716-F045-43E9-A4A1-74ACE327A451}.Release|Any CPU.Build.0 = Release|Any CPU
		{1531C7CC-2371-48FD-8C06-424A692C2B1D}.Debug|Any CPU.ActiveCfg = Debug|Any CPU
		{1531C7CC-2371-48FD-8C06-424A692C2B1D}.Debug|Any CPU.Build.0 = Debug|Any CPU
		{1531C7CC-2371-48FD-8C06-424A692C2B1D}.Release|Any CPU.ActiveCfg = Release|Any CPU
		{1531C7CC-2371-48FD-8C06-424A692C2B1D}.Release|Any CPU.Build.0 = Release|Any CPU
		{1E83F57F-DC5C-408D-B311-5B11A5940823}.Debug|Any CPU.ActiveCfg = Debug|Any CPU
		{1E83F57F-DC5C-408D-B311-5B11A5940823}.Debug|Any CPU.Build.0 = Debug|Any CPU
		{1E83F57F-DC5C-408D-B311-5B11A5940823}.Release|Any CPU.ActiveCfg = Release|Any CPU
		{1E83F57F-DC5C-408D-B311-5B11A5940823}.Release|Any CPU.Build.0 = Release|Any CPU
		{DE207555-1559-49D9-B2AF-E9744CE9282C}.Debug|Any CPU.ActiveCfg = Debug|Any CPU
		{DE207555-1559-49D9-B2AF-E9744CE9282C}.Debug|Any CPU.Build.0 = Debug|Any CPU
		{DE207555-1559-49D9-B2AF-E9744CE9282C}.Release|Any CPU.ActiveCfg = Release|Any CPU
		{DE207555-1559-49D9-B2AF-E9744CE9282C}.Release|Any CPU.Build.0 = Release|Any CPU
		{9B955131-DB48-4707-8033-E56513FF4687}.Debug|Any CPU.ActiveCfg = Debug|Any CPU
		{9B955131-DB48-4707-8033-E56513FF4687}.Debug|Any CPU.Build.0 = Debug|Any CPU
		{9B955131-DB48-4707-8033-E56513FF4687}.Release|Any CPU.ActiveCfg = Release|Any CPU
		{9B955131-DB48-4707-8033-E56513FF4687}.Release|Any CPU.Build.0 = Release|Any CPU
		{5C1C6D0F-7AC4-4D94-BD29-C53920ED3539}.Debug|Any CPU.ActiveCfg = Debug|Any CPU
		{5C1C6D0F-7AC4-4D94-BD29-C53920ED3539}.Debug|Any CPU.Build.0 = Debug|Any CPU
		{5C1C6D0F-7AC4-4D94-BD29-C53920ED3539}.Debug|Any CPU.Deploy.0 = Debug|Any CPU
		{5C1C6D0F-7AC4-4D94-BD29-C53920ED3539}.Release|Any CPU.ActiveCfg = Release|Any CPU
		{5C1C6D0F-7AC4-4D94-BD29-C53920ED3539}.Release|Any CPU.Build.0 = Release|Any CPU
		{5C1C6D0F-7AC4-4D94-BD29-C53920ED3539}.Release|Any CPU.Deploy.0 = Release|Any CPU
	EndGlobalSection
	GlobalSection(SolutionProperties) = preSolution
		HideSolutionNode = FALSE
	EndGlobalSection
EndGlobal
